
Microsoft Visual Studio Solution File, Format Version 12.00
# Visual Studio Version 17
VisualStudioVersion = 17.10.35122.118
MinimumVisualStudioVersion = 10.0.40219.1
Project("{9A19103F-16F7-4668-BE54-9A1E7A4F7556}") = "ImportWD", "ImportWD.csproj", "{37918681-1398-439C-9E81-BFFC30871458}"
EndProject
Global
	GlobalSection(SolutionConfigurationPlatforms) = preSolution
		Debug|Any CPU = Debug|Any CPU
		Release|Any CPU = Release|Any CPU
	EndGlobalSection
	GlobalSection(ProjectConfigurationPlatforms) = postSolution
		{37918681-1398-439C-9E81-BFFC30871458}.Debug|Any CPU.ActiveCfg = Debug|Any CPU
		{37918681-1398-439C-9E81-BFFC30871458}.Debug|Any CPU.Build.0 = Debug|Any CPU
		{37918681-1398-439C-9E81-BFFC30871458}.Release|Any CPU.ActiveCfg = Release|Any CPU
		{37918681-1398-439C-9E81-BFFC30871458}.Release|Any CPU.Build.0 = Release|Any CPU
	EndGlobalSection
	GlobalSection(SolutionProperties) = preSolution
		HideSolutionNode = FALSE
	EndGlobalSection
	GlobalSection(ExtensibilityGlobals) = postSolution
		SolutionGuid = {5FDA14D9-5055-46D9-A78B-3807227123FD}
	EndGlobalSection
EndGlobal
